
Microsoft Visual Studio Solution File, Format Version 12.00
# Visual Studio Version 17
VisualStudioVersion = 17.0.31903.59
MinimumVisualStudioVersion = 10.0.40219.1
Project("{FAE04EC0-301F-11D3-BF4B-00C04F79EFBC}") = "HouseholdOps.Api", "HouseholdOps.Api\HouseholdOps.Api.csproj", "{C167FA3F-A2DE-4221-8F2C-B4005786AE51}"
EndProject
Project("{FAE04EC0-301F-11D3-BF4B-00C04F79EFBC}") = "HouseholdOps.Worker", "HouseholdOps.Worker\HouseholdOps.Worker.csproj", "{32E09BB4-EB6E-4598-AAE2-49F78498D684}"
EndProject
Project("{FAE04EC0-301F-11D3-BF4B-00C04F79EFBC}") = "HouseholdOps.SharedKernel", "HouseholdOps.SharedKernel\HouseholdOps.SharedKernel.csproj", "{82168DAC-16ED-4FFB-9346-9994F2BD7585}"
EndProject
Project("{FAE04EC0-301F-11D3-BF4B-00C04F79EFBC}") = "HouseholdOps.Infrastructure", "HouseholdOps.Infrastructure\HouseholdOps.Infrastructure.csproj", "{0B2667BE-79B9-4FEB-921E-D31406E45FEC}"
EndProject
Project("{FAE04EC0-301F-11D3-BF4B-00C04F79EFBC}") = "HouseholdOps.Modules.Households", "HouseholdOps.Modules.Households\HouseholdOps.Modules.Households.csproj", "{57558DEF-F23B-4CFE-A2F7-7D3924E274B5}"
EndProject
Project("{FAE04EC0-301F-11D3-BF4B-00C04F79EFBC}") = "HouseholdOps.Modules.Identity", "HouseholdOps.Modules.Identity\HouseholdOps.Modules.Identity.csproj", "{263F1878-18AB-4142-A50A-0D549AD72F11}"
EndProject
Project("{FAE04EC0-301F-11D3-BF4B-00C04F79EFBC}") = "HouseholdOps.Modules.Integrations", "HouseholdOps.Modules.Integrations\HouseholdOps.Modules.Integrations.csproj", "{9E981F74-7A87-4D5B-83F6-8E63817D9BE1}"
EndProject
Project("{FAE04EC0-301F-11D3-BF4B-00C04F79EFBC}") = "HouseholdOps.Modules.Scheduling", "HouseholdOps.Modules.Scheduling\HouseholdOps.Modules.Scheduling.csproj", "{FDC476D1-64BE-422A-B7CE-6AA8F2061251}"
EndProject
Project("{FAE04EC0-301F-11D3-BF4B-00C04F79EFBC}") = "HouseholdOps.Modules.Display", "HouseholdOps.Modules.Display\HouseholdOps.Modules.Display.csproj", "{F66DFFD9-B13C-4F6D-A543-C40C52B1DA26}"
EndProject
Project("{FAE04EC0-301F-11D3-BF4B-00C04F79EFBC}") = "HouseholdOps.Modules.Administration", "HouseholdOps.Modules.Administration\HouseholdOps.Modules.Administration.csproj", "{344A9362-B489-45A7-8AAB-F7D7F5CE1F0E}"
EndProject
Project("{FAE04EC0-301F-11D3-BF4B-00C04F79EFBC}") = "HouseholdOps.Modules.Scheduling.Tests", "..\..\tests\HouseholdOps.Modules.Scheduling.Tests\HouseholdOps.Modules.Scheduling.Tests.csproj", "{A1B2C3D4-5E6F-7890-ABCD-EF0123456789}"
EndProject
Project("{FAE04EC0-301F-11D3-BF4B-00C04F79EFBC}") = "HouseholdOps.Modules.Notifications.Tests", "..\..\tests\HouseholdOps.Modules.Notifications.Tests\HouseholdOps.Modules.Notifications.Tests.csproj", "{FA8AFEA5-7E2D-422B-8C6D-C51C74DEA0AF}"
EndProject
Project("{FAE04EC0-301F-11D3-BF4B-00C04F79EFBC}") = "HouseholdOps.Modules.Chores", "HouseholdOps.Modules.Chores\HouseholdOps.Modules.Chores.csproj", "{29C22E67-0638-47CA-BECB-A135D1AC7983}"
EndProject
Project("{FAE04EC0-301F-11D3-BF4B-00C04F79EFBC}") = "HouseholdOps.Modules.Notes", "HouseholdOps.Modules.Notes\HouseholdOps.Modules.Notes.csproj", "{1A2B3C4D-5E6F-7890-ABCD-EF1234567890}"
EndProject
Project("{FAE04EC0-301F-11D3-BF4B-00C04F79EFBC}") = "HouseholdOps.Modules.Households.Tests", "..\..\tests\HouseholdOps.Modules.Households.Tests\HouseholdOps.Modules.Households.Tests.csproj", "{8D71B8F0-33D8-4C36-940E-2362752F64C2}"
EndProject
Project("{FAE04EC0-301F-11D3-BF4B-00C04F79EFBC}") = "HouseholdOps.Modules.Food", "HouseholdOps.Modules.Food\HouseholdOps.Modules.Food.csproj", "{9B18DAEE-4D38-4AB7-B6D7-1FCF2C324228}"
EndProject
Project("{FAE04EC0-301F-11D3-BF4B-00C04F79EFBC}") = "HouseholdOps.Modules.Food.Tests", "..\..\tests\HouseholdOps.Modules.Food.Tests\HouseholdOps.Modules.Food.Tests.csproj", "{02C2F391-7ABF-4ECE-A078-3BF1BFC0AF20}"
EndProject
Global
	GlobalSection(SolutionConfigurationPlatforms) = preSolution
		Debug|Any CPU = Debug|Any CPU
		Debug|x64 = Debug|x64
		Debug|x86 = Debug|x86
		Release|Any CPU = Release|Any CPU
		Release|x64 = Release|x64
		Release|x86 = Release|x86
	EndGlobalSection
	GlobalSection(ProjectConfigurationPlatforms) = postSolution
		{C167FA3F-A2DE-4221-8F2C-B4005786AE51}.Debug|Any CPU.ActiveCfg = Debug|Any CPU
		{C167FA3F-A2DE-4221-8F2C-B4005786AE51}.Debug|Any CPU.Build.0 = Debug|Any CPU
		{C167FA3F-A2DE-4221-8F2C-B4005786AE51}.Debug|x64.ActiveCfg = Debug|Any CPU
		{C167FA3F-A2DE-4221-8F2C-B4005786AE51}.Debug|x64.Build.0 = Debug|Any CPU
		{C167FA3F-A2DE-4221-8F2C-B4005786AE51}.Debug|x86.ActiveCfg = Debug|Any CPU
		{C167FA3F-A2DE-4221-8F2C-B4005786AE51}.Debug|x86.Build.0 = Debug|Any CPU
		{C167FA3F-A2DE-4221-8F2C-B4005786AE51}.Release|Any CPU.ActiveCfg = Release|Any CPU
		{C167FA3F-A2DE-4221-8F2C-B4005786AE51}.Release|Any CPU.Build.0 = Release|Any CPU
		{C167FA3F-A2DE-4221-8F2C-B4005786AE51}.Release|x64.ActiveCfg = Release|Any CPU
		{C167FA3F-A2DE-4221-8F2C-B4005786AE51}.Release|x64.Build.0 = Release|Any CPU
		{C167FA3F-A2DE-4221-8F2C-B4005786AE51}.Release|x86.ActiveCfg = Release|Any CPU
		{C167FA3F-A2DE-4221-8F2C-B4005786AE51}.Release|x86.Build.0 = Release|Any CPU
		{32E09BB4-EB6E-4598-AAE2-49F78498D684}.Debug|Any CPU.ActiveCfg = Debug|Any CPU
		{32E09BB4-EB6E-4598-AAE2-49F78498D684}.Debug|Any CPU.Build.0 = Debug|Any CPU
		{32E09BB4-EB6E-4598-AAE2-49F78498D684}.Debug|x64.ActiveCfg = Debug|Any CPU
		{32E09BB4-EB6E-4598-AAE2-49F78498D684}.Debug|x64.Build.0 = Debug|Any CPU
		{32E09BB4-EB6E-4598-AAE2-49F78498D684}.Debug|x86.ActiveCfg = Debug|Any CPU
		{32E09BB4-EB6E-4598-AAE2-49F78498D684}.Debug|x86.Build.0 = Debug|Any CPU
		{32E09BB4-EB6E-4598-AAE2-49F78498D684}.Release|Any CPU.ActiveCfg = Release|Any CPU
		{32E09BB4-EB6E-4598-AAE2-49F78498D684}.Release|Any CPU.Build.0 = Release|Any CPU
		{32E09BB4-EB6E-4598-AAE2-49F78498D684}.Release|x64.ActiveCfg = Release|Any CPU
		{32E09BB4-EB6E-4598-AAE2-49F78498D684}.Release|x64.Build.0 = Release|Any CPU
		{32E09BB4-EB6E-4598-AAE2-49F78498D684}.Release|x86.ActiveCfg = Release|Any CPU
		{32E09BB4-EB6E-4598-AAE2-49F78498D684}.Release|x86.Build.0 = Release|Any CPU
		{82168DAC-16ED-4FFB-9346-9994F2BD7585}.Debug|Any CPU.ActiveCfg = Debug|Any CPU
		{82168DAC-16ED-4FFB-9346-9994F2BD7585}.Debug|Any CPU.Build.0 = Debug|Any CPU
		{82168DAC-16ED-4FFB-9346-9994F2BD7585}.Debug|x64.ActiveCfg = Debug|Any CPU
		{82168DAC-16ED-4FFB-9346-9994F2BD7585}.Debug|x64.Build.0 = Debug|Any CPU
		{82168DAC-16ED-4FFB-9346-9994F2BD7585}.Debug|x86.ActiveCfg = Debug|Any CPU
		{82168DAC-16ED-4FFB-9346-9994F2BD7585}.Debug|x86.Build.0 = Debug|Any CPU
		{82168DAC-16ED-4FFB-9346-9994F2BD7585}.Release|Any CPU.ActiveCfg = Release|Any CPU
		{82168DAC-16ED-4FFB-9346-9994F2BD7585}.Release|Any CPU.Build.0 = Release|Any CPU
		{82168DAC-16ED-4FFB-9346-9994F2BD7585}.Release|x64.ActiveCfg = Release|Any CPU
		{82168DAC-16ED-4FFB-9346-9994F2BD7585}.Release|x64.Build.0 = Release|Any CPU
		{82168DAC-16ED-4FFB-9346-9994F2BD7585}.Release|x86.ActiveCfg = Release|Any CPU
		{82168DAC-16ED-4FFB-9346-9994F2BD7585}.Release|x86.Build.0 = Release|Any CPU
		{0B2667BE-79B9-4FEB-921E-D31406E45FEC}.Debug|Any CPU.ActiveCfg = Debug|Any CPU
		{0B2667BE-79B9-4FEB-921E-D31406E45FEC}.Debug|Any CPU.Build.0 = Debug|Any CPU
		{0B2667BE-79B9-4FEB-921E-D31406E45FEC}.Debug|x64.ActiveCfg = Debug|Any CPU
		{0B2667BE-79B9-4FEB-921E-D31406E45FEC}.Debug|x64.Build.0 = Debug|Any CPU
		{0B2667BE-79B9-4FEB-921E-D31406E45FEC}.Debug|x86.ActiveCfg = Debug|Any CPU
		{0B2667BE-79B9-4FEB-921E-D31406E45FEC}.Debug|x86.Build.0 = Debug|Any CPU
		{0B2667BE-79B9-4FEB-921E-D31406E45FEC}.Release|Any CPU.ActiveCfg = Release|Any CPU
		{0B2667BE-79B9-4FEB-921E-D31406E45FEC}.Release|Any CPU.Build.0 = Release|Any CPU
		{0B2667BE-79B9-4FEB-921E-D31406E45FEC}.Release|x64.ActiveCfg = Release|Any CPU
		{0B2667BE-79B9-4FEB-921E-D31406E45FEC}.Release|x64.Build.0 = Release|Any CPU
		{0B2667BE-79B9-4FEB-921E-D31406E45FEC}.Release|x86.ActiveCfg = Release|Any CPU
		{0B2667BE-79B9-4FEB-921E-D31406E45FEC}.Release|x86.Build.0 = Release|Any CPU
		{57558DEF-F23B-4CFE-A2F7-7D3924E274B5}.Debug|Any CPU.ActiveCfg = Debug|Any CPU
		{57558DEF-F23B-4CFE-A2F7-7D3924E274B5}.Debug|Any CPU.Build.0 = Debug|Any CPU
		{57558DEF-F23B-4CFE-A2F7-7D3924E274B5}.Debug|x64.ActiveCfg = Debug|Any CPU
		{57558DEF-F23B-4CFE-A2F7-7D3924E274B5}.Debug|x64.Build.0 = Debug|Any CPU
		{57558DEF-F23B-4CFE-A2F7-7D3924E274B5}.Debug|x86.ActiveCfg = Debug|Any CPU
		{57558DEF-F23B-4CFE-A2F7-7D3924E274B5}.Debug|x86.Build.0 = Debug|Any CPU
		{57558DEF-F23B-4CFE-A2F7-7D3924E274B5}.Release|Any CPU.ActiveCfg = Release|Any CPU
		{57558DEF-F23B-4CFE-A2F7-7D3924E274B5}.Release|Any CPU.Build.0 = Release|Any CPU
		{57558DEF-F23B-4CFE-A2F7-7D3924E274B5}.Release|x64.ActiveCfg = Release|Any CPU
		{57558DEF-F23B-4CFE-A2F7-7D3924E274B5}.Release|x64.Build.0 = Release|Any CPU
		{57558DEF-F23B-4CFE-A2F7-7D3924E274B5}.Release|x86.ActiveCfg = Release|Any CPU
		{57558DEF-F23B-4CFE-A2F7-7D3924E274B5}.Release|x86.Build.0 = Release|Any CPU
		{263F1878-18AB-4142-A50A-0D549AD72F11}.Debug|Any CPU.ActiveCfg = Debug|Any CPU
		{263F1878-18AB-4142-A50A-0D549AD72F11}.Debug|Any CPU.Build.0 = Debug|Any CPU
		{263F1878-18AB-4142-A50A-0D549AD72F11}.Debug|x64.ActiveCfg = Debug|Any CPU
		{263F1878-18AB-4142-A50A-0D549AD72F11}.Debug|x64.Build.0 = Debug|Any CPU
		{263F1878-18AB-4142-A50A-0D549AD72F11}.Debug|x86.ActiveCfg = Debug|Any CPU
		{263F1878-18AB-4142-A50A-0D549AD72F11}.Debug|x86.Build.0 = Debug|Any CPU
		{263F1878-18AB-4142-A50A-0D549AD72F11}.Release|Any CPU.ActiveCfg = Release|Any CPU
		{263F1878-18AB-4142-A50A-0D549AD72F11}.Release|Any CPU.Build.0 = Release|Any CPU
		{263F1878-18AB-4142-A50A-0D549AD72F11}.Release|x64.ActiveCfg = Release|Any CPU
		{263F1878-18AB-4142-A50A-0D549AD72F11}.Release|x64.Build.0 = Release|Any CPU
		{263F1878-18AB-4142-A50A-0D549AD72F11}.Release|x86.ActiveCfg = Release|Any CPU
		{263F1878-18AB-4142-A50A-0D549AD72F11}.Release|x86.Build.0 = Release|Any CPU
		{9E981F74-7A87-4D5B-83F6-8E63817D9BE1}.Debug|Any CPU.ActiveCfg = Debug|Any CPU
		{9E981F74-7A87-4D5B-83F6-8E63817D9BE1}.Debug|Any CPU.Build.0 = Debug|Any CPU
		{9E981F74-7A87-4D5B-83F6-8E63817D9BE1}.Debug|x64.ActiveCfg = Debug|Any CPU
		{9E981F74-7A87-4D5B-83F6-8E63817D9BE1}.Debug|x64.Build.0 = Debug|Any CPU
		{9E981F74-7A87-4D5B-83F6-8E63817D9BE1}.Debug|x86.ActiveCfg = Debug|Any CPU
		{9E981F74-7A87-4D5B-83F6-8E63817D9BE1}.Debug|x86.Build.0 = Debug|Any CPU
		{9E981F74-7A87-4D5B-83F6-8E63817D9BE1}.Release|Any CPU.ActiveCfg = Release|Any CPU
		{9E981F74-7A87-4D5B-83F6-8E63817D9BE1}.Release|Any CPU.Build.0 = Release|Any CPU
		{9E981F74-7A87-4D5B-83F6-8E63817D9BE1}.Release|x64.ActiveCfg = Release|Any CPU
		{9E981F74-7A87-4D5B-83F6-8E63817D9BE1}.Release|x64.Build.0 = Release|Any CPU
		{9E981F74-7A87-4D5B-83F6-8E63817D9BE1}.Release|x86.ActiveCfg = Release|Any CPU
		{9E981F74-7A87-4D5B-83F6-8E63817D9BE1}.Release|x86.Build.0 = Release|Any CPU
		{FDC476D1-64BE-422A-B7CE-6AA8F2061251}.Debug|Any CPU.ActiveCfg = Debug|Any CPU
		{FDC476D1-64BE-422A-B7CE-6AA8F2061251}.Debug|Any CPU.Build.0 = Debug|Any CPU
		{FDC476D1-64BE-422A-B7CE-6AA8F2061251}.Debug|x64.ActiveCfg = Debug|Any CPU
		{FDC476D1-64BE-422A-B7CE-6AA8F2061251}.Debug|x64.Build.0 = Debug|Any CPU
		{FDC476D1-64BE-422A-B7CE-6AA8F2061251}.Debug|x86.ActiveCfg = Debug|Any CPU
		{FDC476D1-64BE-422A-B7CE-6AA8F2061251}.Debug|x86.Build.0 = Debug|Any CPU
		{FDC476D1-64BE-422A-B7CE-6AA8F2061251}.Release|Any CPU.ActiveCfg = Release|Any CPU
		{FDC476D1-64BE-422A-B7CE-6AA8F2061251}.Release|Any CPU.Build.0 = Release|Any CPU
		{FDC476D1-64BE-422A-B7CE-6AA8F2061251}.Release|x64.ActiveCfg = Release|Any CPU
		{FDC476D1-64BE-422A-B7CE-6AA8F2061251}.Release|x64.Build.0 = Release|Any CPU
		{FDC476D1-64BE-422A-B7CE-6AA8F2061251}.Release|x86.ActiveCfg = Release|Any CPU
		{FDC476D1-64BE-422A-B7CE-6AA8F2061251}.Release|x86.Build.0 = Release|Any CPU
		{F66DFFD9-B13C-4F6D-A543-C40C52B1DA26}.Debug|Any CPU.ActiveCfg = Debug|Any CPU
		{F66DFFD9-B13C-4F6D-A543-C40C52B1DA26}.Debug|Any CPU.Build.0 = Debug|Any CPU
		{F66DFFD9-B13C-4F6D-A543-C40C52B1DA26}.Debug|x64.ActiveCfg = Debug|Any CPU
		{F66DFFD9-B13C-4F6D-A543-C40C52B1DA26}.Debug|x64.Build.0 = Debug|Any CPU
		{F66DFFD9-B13C-4F6D-A543-C40C52B1DA26}.Debug|x86.ActiveCfg = Debug|Any CPU
		{F66DFFD9-B13C-4F6D-A543-C40C52B1DA26}.Debug|x86.Build.0 = Debug|Any CPU
		{F66DFFD9-B13C-4F6D-A543-C40C52B1DA26}.Release|Any CPU.ActiveCfg = Release|Any CPU
		{F66DFFD9-B13C-4F6D-A543-C40C52B1DA26}.Release|Any CPU.Build.0 = Release|Any CPU
		{F66DFFD9-B13C-4F6D-A543-C40C52B1DA26}.Release|x64.ActiveCfg = Release|Any CPU
		{F66DFFD9-B13C-4F6D-A543-C40C52B1DA26}.Release|x64.Build.0 = Release|Any CPU
		{F66DFFD9-B13C-4F6D-A543-C40C52B1DA26}.Release|x86.ActiveCfg = Release|Any CPU
		{F66DFFD9-B13C-4F6D-A543-C40C52B1DA26}.Release|x86.Build.0 = Release|Any CPU
		{344A9362-B489-45A7-8AAB-F7D7F5CE1F0E}.Debug|Any CPU.ActiveCfg = Debug|Any CPU
		{344A9362-B489-45A7-8AAB-F7D7F5CE1F0E}.Debug|Any CPU.Build.0 = Debug|Any CPU
		{344A9362-B489-45A7-8AAB-F7D7F5CE1F0E}.Debug|x64.ActiveCfg = Debug|Any CPU
		{344A9362-B489-45A7-8AAB-F7D7F5CE1F0E}.Debug|x64.Build.0 = Debug|Any CPU
		{344A9362-B489-45A7-8AAB-F7D7F5CE1F0E}.Debug|x86.ActiveCfg = Debug|Any CPU
		{344A9362-B489-45A7-8AAB-F7D7F5CE1F0E}.Debug|x86.Build.0 = Debug|Any CPU
		{344A9362-B489-45A7-8AAB-F7D7F5CE1F0E}.Release|Any CPU.ActiveCfg = Release|Any CPU
		{344A9362-B489-45A7-8AAB-F7D7F5CE1F0E}.Release|Any CPU.Build.0 = Release|Any CPU
		{344A9362-B489-45A7-8AAB-F7D7F5CE1F0E}.Release|x64.ActiveCfg = Release|Any CPU
		{344A9362-B489-45A7-8AAB-F7D7F5CE1F0E}.Release|x64.Build.0 = Release|Any CPU
		{344A9362-B489-45A7-8AAB-F7D7F5CE1F0E}.Release|x86.ActiveCfg = Release|Any CPU
		{344A9362-B489-45A7-8AAB-F7D7F5CE1F0E}.Release|x86.Build.0 = Release|Any CPU
		{A1B2C3D4-5E6F-7890-ABCD-EF0123456789}.Debug|Any CPU.ActiveCfg = Debug|Any CPU
		{A1B2C3D4-5E6F-7890-ABCD-EF0123456789}.Debug|Any CPU.Build.0 = Debug|Any CPU
		{A1B2C3D4-5E6F-7890-ABCD-EF0123456789}.Release|Any CPU.ActiveCfg = Release|Any CPU
		{A1B2C3D4-5E6F-7890-ABCD-EF0123456789}.Release|Any CPU.Build.0 = Release|Any CPU
		{FA8AFEA5-7E2D-422B-8C6D-C51C74DEA0AF}.Debug|Any CPU.ActiveCfg = Debug|Any CPU
		{FA8AFEA5-7E2D-422B-8C6D-C51C74DEA0AF}.Debug|Any CPU.Build.0 = Debug|Any CPU
		{FA8AFEA5-7E2D-422B-8C6D-C51C74DEA0AF}.Debug|x64.ActiveCfg = Debug|Any CPU
		{FA8AFEA5-7E2D-422B-8C6D-C51C74DEA0AF}.Debug|x64.Build.0 = Debug|Any CPU
		{FA8AFEA5-7E2D-422B-8C6D-C51C74DEA0AF}.Debug|x86.ActiveCfg = Debug|Any CPU
		{FA8AFEA5-7E2D-422B-8C6D-C51C74DEA0AF}.Debug|x86.Build.0 = Debug|Any CPU
		{FA8AFEA5-7E2D-422B-8C6D-C51C74DEA0AF}.Release|Any CPU.ActiveCfg = Release|Any CPU
		{FA8AFEA5-7E2D-422B-8C6D-C51C74DEA0AF}.Release|Any CPU.Build.0 = Release|Any CPU
		{FA8AFEA5-7E2D-422B-8C6D-C51C74DEA0AF}.Release|x64.ActiveCfg = Release|Any CPU
		{FA8AFEA5-7E2D-422B-8C6D-C51C74DEA0AF}.Release|x64.Build.0 = Release|Any CPU
		{FA8AFEA5-7E2D-422B-8C6D-C51C74DEA0AF}.Release|x86.ActiveCfg = Release|Any CPU
		{FA8AFEA5-7E2D-422B-8C6D-C51C74DEA0AF}.Release|x86.Build.0 = Release|Any CPU
		{29C22E67-0638-47CA-BECB-A135D1AC7983}.Debug|Any CPU.ActiveCfg = Debug|Any CPU
		{29C22E67-0638-47CA-BECB-A135D1AC7983}.Debug|Any CPU.Build.0 = Debug|Any CPU
		{29C22E67-0638-47CA-BECB-A135D1AC7983}.Debug|x64.ActiveCfg = Debug|Any CPU
		{29C22E67-0638-47CA-BECB-A135D1AC7983}.Debug|x64.Build.0 = Debug|Any CPU
		{29C22E67-0638-47CA-BECB-A135D1AC7983}.Debug|x86.ActiveCfg = Debug|Any CPU
		{29C22E67-0638-47CA-BECB-A135D1AC7983}.Debug|x86.Build.0 = Debug|Any CPU
		{29C22E67-0638-47CA-BECB-A135D1AC7983}.Release|Any CPU.ActiveCfg = Release|Any CPU
		{29C22E67-0638-47CA-BECB-A135D1AC7983}.Release|Any CPU.Build.0 = Release|Any CPU
		{29C22E67-0638-47CA-BECB-A135D1AC7983}.Release|x64.ActiveCfg = Release|Any CPU
		{29C22E67-0638-47CA-BECB-A135D1AC7983}.Release|x64.Build.0 = Release|Any CPU
		{29C22E67-0638-47CA-BECB-A135D1AC7983}.Release|x86.ActiveCfg = Release|Any CPU
		{29C22E67-0638-47CA-BECB-A135D1AC7983}.Release|x86.Build.0 = Release|Any CPU
		{1A2B3C4D-5E6F-7890-ABCD-EF1234567890}.Debug|Any CPU.ActiveCfg = Debug|Any CPU
		{1A2B3C4D-5E6F-7890-ABCD-EF1234567890}.Debug|Any CPU.Build.0 = Debug|Any CPU
		{1A2B3C4D-5E6F-7890-ABCD-EF1234567890}.Debug|x64.ActiveCfg = Debug|Any CPU
		{1A2B3C4D-5E6F-7890-ABCD-EF1234567890}.Debug|x64.Build.0 = Debug|Any CPU
		{1A2B3C4D-5E6F-7890-ABCD-EF1234567890}.Debug|x86.ActiveCfg = Debug|Any CPU
		{1A2B3C4D-5E6F-7890-ABCD-EF1234567890}.Debug|x86.Build.0 = Debug|Any CPU
		{1A2B3C4D-5E6F-7890-ABCD-EF1234567890}.Release|Any CPU.ActiveCfg = Release|Any CPU
		{1A2B3C4D-5E6F-7890-ABCD-EF1234567890}.Release|Any CPU.Build.0 = Release|Any CPU
		{1A2B3C4D-5E6F-7890-ABCD-EF1234567890}.Release|x64.ActiveCfg = Release|Any CPU
		{1A2B3C4D-5E6F-7890-ABCD-EF1234567890}.Release|x64.Build.0 = Release|Any CPU
		{1A2B3C4D-5E6F-7890-ABCD-EF1234567890}.Release|x86.ActiveCfg = Release|Any CPU
		{1A2B3C4D-5E6F-7890-ABCD-EF1234567890}.Release|x86.Build.0 = Release|Any CPU
		{8D71B8F0-33D8-4C36-940E-2362752F64C2}.Debug|Any CPU.ActiveCfg = Debug|Any CPU
		{8D71B8F0-33D8-4C36-940E-2362752F64C2}.Debug|Any CPU.Build.0 = Debug|Any CPU
		{8D71B8F0-33D8-4C36-940E-2362752F64C2}.Debug|x64.ActiveCfg = Debug|Any CPU
		{8D71B8F0-33D8-4C36-940E-2362752F64C2}.Debug|x64.Build.0 = Debug|Any CPU
		{8D71B8F0-33D8-4C36-940E-2362752F64C2}.Debug|x86.ActiveCfg = Debug|Any CPU
		{8D71B8F0-33D8-4C36-940E-2362752F64C2}.Debug|x86.Build.0 = Debug|Any CPU
		{8D71B8F0-33D8-4C36-940E-2362752F64C2}.Release|Any CPU.ActiveCfg = Release|Any CPU
		{8D71B8F0-33D8-4C36-940E-2362752F64C2}.Release|Any CPU.Build.0 = Release|Any CPU
		{8D71B8F0-33D8-4C36-940E-2362752F64C2}.Release|x64.ActiveCfg = Release|Any CPU
		{8D71B8F0-33D8-4C36-940E-2362752F64C2}.Release|x64.Build.0 = Release|Any CPU
		{8D71B8F0-33D8-4C36-940E-2362752F64C2}.Release|x86.ActiveCfg = Release|Any CPU
		{8D71B8F0-33D8-4C36-940E-2362752F64C2}.Release|x86.Build.0 = Release|Any CPU
		{9B18DAEE-4D38-4AB7-B6D7-1FCF2C324228}.Debug|Any CPU.ActiveCfg = Debug|Any CPU
		{9B18DAEE-4D38-4AB7-B6D7-1FCF2C324228}.Debug|Any CPU.Build.0 = Debug|Any CPU
		{9B18DAEE-4D38-4AB7-B6D7-1FCF2C324228}.Debug|x64.ActiveCfg = Debug|Any CPU
		{9B18DAEE-4D38-4AB7-B6D7-1FCF2C324228}.Debug|x64.Build.0 = Debug|Any CPU
		{9B18DAEE-4D38-4AB7-B6D7-1FCF2C324228}.Debug|x86.ActiveCfg = Debug|Any CPU
		{9B18DAEE-4D38-4AB7-B6D7-1FCF2C324228}.Debug|x86.Build.0 = Debug|Any CPU
		{9B18DAEE-4D38-4AB7-B6D7-1FCF2C324228}.Release|Any CPU.ActiveCfg = Release|Any CPU
		{9B18DAEE-4D38-4AB7-B6D7-1FCF2C324228}.Release|Any CPU.Build.0 = Release|Any CPU
		{9B18DAEE-4D38-4AB7-B6D7-1FCF2C324228}.Release|x64.ActiveCfg = Release|Any CPU
		{9B18DAEE-4D38-4AB7-B6D7-1FCF2C324228}.Release|x64.Build.0 = Release|Any CPU
		{9B18DAEE-4D38-4AB7-B6D7-1FCF2C324228}.Release|x86.ActiveCfg = Release|Any CPU
		{9B18DAEE-4D38-4AB7-B6D7-1FCF2C324228}.Release|x86.Build.0 = Release|Any CPU
		{02C2F391-7ABF-4ECE-A078-3BF1BFC0AF20}.Debug|Any CPU.ActiveCfg = Debug|Any CPU
		{02C2F391-7ABF-4ECE-A078-3BF1BFC0AF20}.Debug|Any CPU.Build.0 = Debug|Any CPU
		{02C2F391-7ABF-4ECE-A078-3BF1BFC0AF20}.Debug|x64.ActiveCfg = Debug|Any CPU
		{02C2F391-7ABF-4ECE-A078-3BF1BFC0AF20}.Debug|x64.Build.0 = Debug|Any CPU
		{02C2F391-7ABF-4ECE-A078-3BF1BFC0AF20}.Debug|x86.ActiveCfg = Debug|Any CPU
		{02C2F391-7ABF-4ECE-A078-3BF1BFC0AF20}.Debug|x86.Build.0 = Debug|Any CPU
		{02C2F391-7ABF-4ECE-A078-3BF1BFC0AF20}.Release|Any CPU.ActiveCfg = Release|Any CPU
		{02C2F391-7ABF-4ECE-A078-3BF1BFC0AF20}.Release|Any CPU.Build.0 = Release|Any CPU
		{02C2F391-7ABF-4ECE-A078-3BF1BFC0AF20}.Release|x64.ActiveCfg = Release|Any CPU
		{02C2F391-7ABF-4ECE-A078-3BF1BFC0AF20}.Release|x64.Build.0 = Release|Any CPU
		{02C2F391-7ABF-4ECE-A078-3BF1BFC0AF20}.Release|x86.ActiveCfg = Release|Any CPU
		{02C2F391-7ABF-4ECE-A078-3BF1BFC0AF20}.Release|x86.Build.0 = Release|Any CPU
	EndGlobalSection
	GlobalSection(SolutionProperties) = preSolution
		HideSolutionNode = FALSE
	EndGlobalSection
EndGlobal
